
Microsoft Visual Studio Solution File, Format Version 12.00
# Visual Studio Version 16
VisualStudioVersion = 16.0.30413.136
MinimumVisualStudioVersion = 10.0.40219.1
Project("{FAE04EC0-301F-11D3-BF4B-00C04F79EFBC}") = "SumAndDifferenceUsingMethod", "SumAndDifferenceUsingMethod\SumAndDifferenceUsingMethod.csproj", "{8053C73F-96A7-43DE-84A8-C840DA2A6E72}"
EndProject
Global
	GlobalSection(SolutionConfigurationPlatforms) = preSolution
		Debug|Any CPU = Debug|Any CPU
		Release|Any CPU = Release|Any CPU
	EndGlobalSection
	GlobalSection(ProjectConfigurationPlatforms) = postSolution
		{8053C73F-96A7-43DE-84A8-C840DA2A6E72}.Debug|Any CPU.ActiveCfg = Debug|Any CPU
		{8053C73F-96A7-43DE-84A8-C840DA2A6E72}.Debug|Any CPU.Build.0 = Debug|Any CPU
		{8053C73F-96A7-43DE-84A8-C840DA2A6E72}.Release|Any CPU.ActiveCfg = Release|Any CPU
		{8053C73F-96A7-43DE-84A8-C840DA2A6E72}.Release|Any CPU.Build.0 = Release|Any CPU
	EndGlobalSection
	GlobalSection(SolutionProperties) = preSolution
		HideSolutionNode = FALSE
	EndGlobalSection
	GlobalSection(ExtensibilityGlobals) = postSolution
		SolutionGuid = {8EE354D5-818A-4A2C-9A87-FAED61D20E54}
	EndGlobalSection
EndGlobal
