
Microsoft Visual Studio Solution File, Format Version 12.00
# Visual Studio Version 16
VisualStudioVersion = 16.0.30413.136
MinimumVisualStudioVersion = 10.0.40219.1
Project("{FAE04EC0-301F-11D3-BF4B-00C04F79EFBC}") = "Body Mass Index", "Body Mass Index\Body Mass Index.csproj", "{D8C8D843-5490-4820-85B2-B41CDD1F931C}"
EndProject
Global
	GlobalSection(SolutionConfigurationPlatforms) = preSolution
		Debug|Any CPU = Debug|Any CPU
		Release|Any CPU = Release|Any CPU
	EndGlobalSection
	GlobalSection(ProjectConfigurationPlatforms) = postSolution
		{D8C8D843-5490-4820-85B2-B41CDD1F931C}.Debug|Any CPU.ActiveCfg = Debug|Any CPU
		{D8C8D843-5490-4820-85B2-B41CDD1F931C}.Debug|Any CPU.Build.0 = Debug|Any CPU
		{D8C8D843-5490-4820-85B2-B41CDD1F931C}.Release|Any CPU.ActiveCfg = Release|Any CPU
		{D8C8D843-5490-4820-85B2-B41CDD1F931C}.Release|Any CPU.Build.0 = Release|Any CPU
	EndGlobalSection
	GlobalSection(SolutionProperties) = preSolution
		HideSolutionNode = FALSE
	EndGlobalSection
	GlobalSection(ExtensibilityGlobals) = postSolution
		SolutionGuid = {182B8D89-BE39-4167-B6D1-E9B701DA9AF2}
	EndGlobalSection
EndGlobal
