
Microsoft Visual Studio Solution File, Format Version 12.00
# Visual Studio Version 16
VisualStudioVersion = 16.0.30413.136
MinimumVisualStudioVersion = 10.0.40219.1
Project("{FAE04EC0-301F-11D3-BF4B-00C04F79EFBC}") = "Gravitational Force", "Gravitational Force\Gravitational Force.csproj", "{19E0F4A1-BC2A-4060-8F75-E38EA5A2C46A}"
EndProject
Global
	GlobalSection(SolutionConfigurationPlatforms) = preSolution
		Debug|Any CPU = Debug|Any CPU
		Release|Any CPU = Release|Any CPU
	EndGlobalSection
	GlobalSection(ProjectConfigurationPlatforms) = postSolution
		{19E0F4A1-BC2A-4060-8F75-E38EA5A2C46A}.Debug|Any CPU.ActiveCfg = Debug|Any CPU
		{19E0F4A1-BC2A-4060-8F75-E38EA5A2C46A}.Debug|Any CPU.Build.0 = Debug|Any CPU
		{19E0F4A1-BC2A-4060-8F75-E38EA5A2C46A}.Release|Any CPU.ActiveCfg = Release|Any CPU
		{19E0F4A1-BC2A-4060-8F75-E38EA5A2C46A}.Release|Any CPU.Build.0 = Release|Any CPU
	EndGlobalSection
	GlobalSection(SolutionProperties) = preSolution
		HideSolutionNode = FALSE
	EndGlobalSection
	GlobalSection(ExtensibilityGlobals) = postSolution
		SolutionGuid = {7DC96CE6-BD15-4893-9C8B-59320EDB8DB3}
	EndGlobalSection
EndGlobal
